PODS:
  - QULQuestionnaire (0.4):
    - RMStepsController
  - RMStepsController (1.0.2)

DEPENDENCIES:
  - QULQuestionnaire (from `../`)

EXTERNAL SOURCES:
  QULQuestionnaire:
    :path: "../"

SPEC CHECKSUMS:
  QULQuestionnaire: 366cd083a335b2820d6d958659e189d57938edbd
  RMStepsController: 195aa02c57ee5fea74483d0b9dcc30881ae7639d

PODFILE CHECKSUM: e99afbed028a597f3814517560166d976da02832

COCOAPODS: 1.1.0.rc.2
